
Microsoft Visual Studio Solution File, Format Version 12.00
# Visual Studio Version 16
VisualStudioVersion = 16.0.32126.315
MinimumVisualStudioVersion = 10.0.40219.1
Project("{FAE04EC0-301F-11D3-BF4B-00C04F79EFBC}") = "01.SquareRoot", "01.SquareRoot\01.SquareRoot.csproj", "{B68D5984-B84F-4614-B71F-C3450DA42455}"
EndProject
Project("{FAE04EC0-301F-11D3-BF4B-00C04F79EFBC}") = "02.EnterNumbers", "02.EnterNumbers\02.EnterNumbers.csproj", "{E5DFF42E-B6EC-4784-9199-24CB8402024E}"
EndProject
Project("{FAE04EC0-301F-11D3-BF4B-00C04F79EFBC}") = "03.Cards", "03.Cards\03.Cards.csproj", "{368C8A61-EA04-4F02-A9B5-F1F9FEB5FDBE}"
EndProject
Project("{FAE04EC0-301F-11D3-BF4B-00C04F79EFBC}") = "04.SumOfIntegers", "04.SumOfIntegers\04.SumOfIntegers.csproj", "{BCE129C8-59F4-43E8-8E42-8FBB803F1A41}"
EndProject
Project("{FAE04EC0-301F-11D3-BF4B-00C04F79EFBC}") = "05.PlayCatch", "05.PlayCatch\05.PlayCatch.csproj", "{2F2E7A03-5054-47E2-BDCB-936B6607451C}"
EndProject
Project("{FAE04EC0-301F-11D3-BF4B-00C04F79EFBC}") = "06.MoneyTransactions", "06.MoneyTransactions\06.MoneyTransactions.csproj", "{553850CE-DD71-4697-A137-E493D232A85A}"
EndProject
Global
	GlobalSection(SolutionConfigurationPlatforms) = preSolution
		Debug|Any CPU = Debug|Any CPU
		Release|Any CPU = Release|Any CPU
	EndGlobalSection
	GlobalSection(ProjectConfigurationPlatforms) = postSolution
		{B68D5984-B84F-4614-B71F-C3450DA42455}.Debug|Any CPU.ActiveCfg = Debug|Any CPU
		{B68D5984-B84F-4614-B71F-C3450DA42455}.Debug|Any CPU.Build.0 = Debug|Any CPU
		{B68D5984-B84F-4614-B71F-C3450DA42455}.Release|Any CPU.ActiveCfg = Release|Any CPU
		{B68D5984-B84F-4614-B71F-C3450DA42455}.Release|Any CPU.Build.0 = Release|Any CPU
		{E5DFF42E-B6EC-4784-9199-24CB8402024E}.Debug|Any CPU.ActiveCfg = Debug|Any CPU
		{E5DFF42E-B6EC-4784-9199-24CB8402024E}.Debug|Any CPU.Build.0 = Debug|Any CPU
		{E5DFF42E-B6EC-4784-9199-24CB8402024E}.Release|Any CPU.ActiveCfg = Release|Any CPU
		{E5DFF42E-B6EC-4784-9199-24CB8402024E}.Release|Any CPU.Build.0 = Release|Any CPU
		{368C8A61-EA04-4F02-A9B5-F1F9FEB5FDBE}.Debug|Any CPU.ActiveCfg = Debug|Any CPU
		{368C8A61-EA04-4F02-A9B5-F1F9FEB5FDBE}.Debug|Any CPU.Build.0 = Debug|Any CPU
		{368C8A61-EA04-4F02-A9B5-F1F9FEB5FDBE}.Release|Any CPU.ActiveCfg = Release|Any CPU
		{368C8A61-EA04-4F02-A9B5-F1F9FEB5FDBE}.Release|Any CPU.Build.0 = Release|Any CPU
		{BCE129C8-59F4-43E8-8E42-8FBB803F1A41}.Debug|Any CPU.ActiveCfg = Debug|Any CPU
		{BCE129C8-59F4-43E8-8E42-8FBB803F1A41}.Debug|Any CPU.Build.0 = Debug|Any CPU
		{BCE129C8-59F4-43E8-8E42-8FBB803F1A41}.Release|Any CPU.ActiveCfg = Release|Any CPU
		{BCE129C8-59F4-43E8-8E42-8FBB803F1A41}.Release|Any CPU.Build.0 = Release|Any CPU
		{2F2E7A03-5054-47E2-BDCB-936B6607451C}.Debug|Any CPU.ActiveCfg = Debug|Any CPU
		{2F2E7A03-5054-47E2-BDCB-936B6607451C}.Debug|Any CPU.Build.0 = Debug|Any CPU
		{2F2E7A03-5054-47E2-BDCB-936B6607451C}.Release|Any CPU.ActiveCfg = Release|Any CPU
		{2F2E7A03-5054-47E2-BDCB-936B6607451C}.Release|Any CPU.Build.0 = Release|Any CPU
		{553850CE-DD71-4697-A137-E493D232A85A}.Debug|Any CPU.ActiveCfg = Debug|Any CPU
		{553850CE-DD71-4697-A137-E493D232A85A}.Debug|Any CPU.Build.0 = Debug|Any CPU
		{553850CE-DD71-4697-A137-E493D232A85A}.Release|Any CPU.ActiveCfg = Release|Any CPU
		{553850CE-DD71-4697-A137-E493D232A85A}.Release|Any CPU.Build.0 = Release|Any CPU
	EndGlobalSection
	GlobalSection(SolutionProperties) = preSolution
		HideSolutionNode = FALSE
	EndGlobalSection
	GlobalSection(ExtensibilityGlobals) = postSolution
		SolutionGuid = {3999E391-5942-43A6-BB87-0C8F49F4B4CE}
	EndGlobalSection
EndGlobal
