
Microsoft Visual Studio Solution File, Format Version 12.00
# Visual Studio Version 16
VisualStudioVersion = 16.0.32126.315
MinimumVisualStudioVersion = 10.0.40219.1
Project("{FAE04EC0-301F-11D3-BF4B-00C04F79EFBC}") = "MathOperations", "MathOperations\MathOperations.csproj", "{19EB8001-BD3C-45EB-A630-1B4B21298E37}"
EndProject
Project("{FAE04EC0-301F-11D3-BF4B-00C04F79EFBC}") = "Animals", "Animals\Animals.csproj", "{BA14A390-9C29-420A-868D-4678BA5446ED}"
EndProject
Project("{FAE04EC0-301F-11D3-BF4B-00C04F79EFBC}") = "Shapes", "Shapes\Shapes.csproj", "{05871DE7-16F0-436C-AF3E-BD459E7E0F18}"
EndProject
Global
	GlobalSection(SolutionConfigurationPlatforms) = preSolution
		Debug|Any CPU = Debug|Any CPU
		Release|Any CPU = Release|Any CPU
	EndGlobalSection
	GlobalSection(ProjectConfigurationPlatforms) = postSolution
		{19EB8001-BD3C-45EB-A630-1B4B21298E37}.Debug|Any CPU.ActiveCfg = Debug|Any CPU
		{19EB8001-BD3C-45EB-A630-1B4B21298E37}.Debug|Any CPU.Build.0 = Debug|Any CPU
		{19EB8001-BD3C-45EB-A630-1B4B21298E37}.Release|Any CPU.ActiveCfg = Release|Any CPU
		{19EB8001-BD3C-45EB-A630-1B4B21298E37}.Release|Any CPU.Build.0 = Release|Any CPU
		{BA14A390-9C29-420A-868D-4678BA5446ED}.Debug|Any CPU.ActiveCfg = Debug|Any CPU
		{BA14A390-9C29-420A-868D-4678BA5446ED}.Debug|Any CPU.Build.0 = Debug|Any CPU
		{BA14A390-9C29-420A-868D-4678BA5446ED}.Release|Any CPU.ActiveCfg = Release|Any CPU
		{BA14A390-9C29-420A-868D-4678BA5446ED}.Release|Any CPU.Build.0 = Release|Any CPU
		{05871DE7-16F0-436C-AF3E-BD459E7E0F18}.Debug|Any CPU.ActiveCfg = Debug|Any CPU
		{05871DE7-16F0-436C-AF3E-BD459E7E0F18}.Debug|Any CPU.Build.0 = Debug|Any CPU
		{05871DE7-16F0-436C-AF3E-BD459E7E0F18}.Release|Any CPU.ActiveCfg = Release|Any CPU
		{05871DE7-16F0-436C-AF3E-BD459E7E0F18}.Release|Any CPU.Build.0 = Release|Any CPU
	EndGlobalSection
	GlobalSection(SolutionProperties) = preSolution
		HideSolutionNode = FALSE
	EndGlobalSection
	GlobalSection(ExtensibilityGlobals) = postSolution
		SolutionGuid = {7869B9B5-5E57-4851-B671-985552698E4B}
	EndGlobalSection
EndGlobal
